PODS:
  - Alamofire (3.4.2)
  - Nimble (4.1.0)
  - Quick (0.9.3)
  - SwiftyJSON (2.3.2)

DEPENDENCIES:
  - Alamofire
  - Nimble
  - Quick
  - SwiftyJSON

SPEC CHECKSUMS:
  Alamofire: 6aa33201d20d069e1598891cf928883ff1888c7a
  Nimble: 97a0a4cae5124c117115634b2d055d8c97d0af19
  Quick: 13a2a2b19a5d8e3ed4fd0c36ee46597fd77ebf71
  SwiftyJSON: 04ccea08915aa0109039157c7974cf0298da292a

COCOAPODS: 0.39.0
