// !$*UTF8*$!
{
	archiveVersion = 1;
	classes = {
	};
	objectVersion = 46;
	objects = {

/* Begin PBXBuildFile section */
		F5C92DFB1D818E4900689D2D /* AppDelegate.swift in Sources */ = {isa = PBXBuildFile; fileRef = F5C92DFA1D818E4900689D2D /* AppDelegate.swift */; };
		F5C92DFD1D818E4900689D2D /* ViewController.swift in Sources */ = {isa = PBXBuildFile; fileRef = F5C92DFC1D818E4900689D2D /* ViewController.swift */; };
		F5C92E001D818E4900689D2D /* Main.storyboard in Resources */ = {isa = PBXBuildFile; fileRef = F5C92DFE1D818E4900689D2D /* Main.storyboard */; };
		F5C92E021D818E4900689D2D /* Assets.xcassets in Resources */ = {isa = PBXBuildFile; fileRef = F5C92E011D818E4900689D2D /* Assets.xcassets */; };
		F5C92E051D818E4900689D2D /* LaunchScreen.storyboard in Resources */ = {isa = PBXBuildFile; fileRef = F5C92E031D818E4900689D2D /* LaunchScreen.storyboard */; };
/* End PBXBuildFile section */

/* Begin PBXFileReference section */
		F5C92DF71D818E4900689D2D /* SwiftBestPractice.app */ = {isa = PBXFileReference; explicitFileType = wrapper.application; includeInIndex = 0; path = SwiftBestPractice.app; sourceTree = BUILT_PRODUCTS_DIR; };
		F5C92DFA1D818E4900689D2D /* AppDelegate.swift */ = {isa = PBXFileReference; lastKnownFileType = sourcecode.swift; path = AppDelegate.swift; sourceTree = "<group>"; };
		F5C92DFC1D818E4900689D2D /* ViewController.swift */ = {isa = PBXFileReference; lastKnownFileType = sourcecode.swift; path = ViewController.swift; sourceTree = "<group>"; };
		F5C92DFF1D818E4900689D2D /* Base */ = {isa = PBXFileReference; lastKnownFileType = file.storyboard; name = Base; path = Base.lproj/Main.storyboard; sourceTree = "<group>"; };
		F5C92E011D818E4900689D2D /* Assets.xcassets */ = {isa = PBXFileReference; lastKnownFileType = folder.assetcatalog; path = Assets.xcassets; sourceTree = "<group>"; };
		F5C92E041D818E4900689D2D /* Base */ = {isa = PBXFileReference; lastKnownFileType = file.storyboard; name = Base; path = Base.lproj/LaunchScreen.storyboard; sourceTree = "<group>"; };
		F5C92E061D818E4900689D2D /* Info.plist */ = {isa = PBXFileReference; lastKnownFileType = text.plist.xml; path = Info.plist; sourceTree = "<group>"; };
/* End PBXFileReference section */

/* Begin PBXFrameworksBuildPhase section */
		F5C92DF41D818E4900689D2D /* Frameworks */ = {
			isa = PBXFrameworksBuildPhase;
			buildActionMask = 2147483647;
			files = (
			);
			runOnlyForDeploymentPostprocessing = 0;
		};
/* End PBXFrameworksBuildPhase section */

/* Begin PBXGroup section */
		F5C92DEE1D818E4900689D2D = {
			isa = PBXGroup;
			children = (
				F5C92DF91D818E4900689D2D /* SwiftBestPractice */,
				F5C92DF81D818E4900689D2D /* Products */,
			);
			sourceTree = "<group>";
		};
		F5C92DF81D818E4900689D2D /* Products */ = {
			isa = PBXGroup;
			children = (
				F5C92DF71D818E4900689D2D /* SwiftBestPractice.app */,
			);
			name = Products;
			sourceTree = "<group>";
		};
		F5C92DF91D818E4900689D2D /* SwiftBestPractice */ = {
			isa = PBXGroup;
			children = (
				F5C92DFA1D818E4900689D2D /* AppDelegate.swift */,
				F5C92DFC1D818E4900689D2D /* ViewController.swift */,
				F5C92DFE1D818E4900689D2D /* Main.storyboard */,
				F5C92E011D818E4900689D2D /* Assets.xcassets */,
				F5C92E031D818E4900689D2D /* LaunchScreen.storyboard */,
				F5C92E061D818E4900689D2D /* Info.plist */,
			);
			path = SwiftBestPractice;
			sourceTree = "<group>";
		};
/* End PBXGroup section */

/* Begin PBXNativeTarget section */
		F5C92DF61D818E4900689D2D /* SwiftBestPractice */ = {
			isa = PBXNativeTarget;
			buildConfigurationList = F5C92E091D818E4900689D2D /* Build configuration list for PBXNativeTarget "SwiftBestPractice" */;
			buildPhases = (
				F5C92DF31D818E4900689D2D /* Sources */,
				F5C92DF41D818E4900689D2D /* Frameworks */,
				F5C92DF51D818E4900689D2D /* Resources */,
			);
			buildRules = (
			);
			dependencies = (
			);
			name = SwiftBestPractice;
			productName = SwiftBestPractice;
			productReference = F5C92DF71D818E4900689D2D /* SwiftBestPractice.app */;
			productType = "com.apple.product-type.application";
		};
/* End PBXNativeTarget section */

/* Begin PBXProject section */
		F5C92DEF1D818E4900689D2D /* Project object */ = {
			isa = PBXProject;
			attributes = {
				LastSwiftUpdateCheck = 0730;
				LastUpgradeCheck = 0730;
				ORGANIZATIONNAME = EricYang;
				TargetAttributes = {
					F5C92DF61D818E4900689D2D = {
						CreatedOnToolsVersion = 7.3;
					};
				};
			};
			buildConfigurationList = F5C92DF21D818E4900689D2D /* Build configuration list for PBXProject "SwiftBestPractice" */;
			compatibilityVersion = "Xcode 3.2";
			developmentRegion = English;
			hasScannedForEncodings = 0;
			knownRegions = (
				en,
				Base,
			);
			mainGroup = F5C92DEE1D818E4900689D2D;
			productRefGroup = F5C92DF81D818E4900689D2D /* Products */;
			projectDirPath = "";
			projectRoot = "";
			targets = (
				F5C92DF61D818E4900689D2D /* SwiftBestPractice */,
			);
		};
/* End PBXProject section */

/* Begin PBXResourcesBuildPhase section */
		F5C92DF51D818E4900689D2D /* Resources */ = {
			isa = PBXResourcesBuildPhase;
			buildActionMask = 2147483647;
			files = (
				F5C92E051D818E4900689D2D /* LaunchScreen.storyboard in Resources */,
				F5C92E021D818E4900689D2D /* Assets.xcassets in Resources */,
				F5C92E001D818E4900689D2D /* Main.storyboard in Resources */,
			);
			runOnlyForDeploymentPostprocessing = 0;
		};
/* End PBXResourcesBuildPhase section */

/* Begin PBXSourcesBuildPhase section */
		F5C92DF31D818E4900689D2D /* Sources */ = {
			isa = PBXSourcesBuildPhase;
			buildActionMask = 2147483647;
			files = (
				F5C92DFD1D818E4900689D2D /* ViewController.swift in Sources */,
				F5C92DFB1D818E4900689D2D /* AppDelegate.swift in Sources */,
			);
			runOnlyForDeploymentPostprocessing = 0;
		};
/* End PBXSourcesBuildPhase section */

/* Begin PBXVariantGroup section */
		F5C92DFE1D818E4900689D2D /* Main.storyboard */ = {
			isa = PBXVariantGroup;
			children = (
				F5C92DFF1D818E4900689D2D /* Base */,
			);
			name = Main.storyboard;
			sourceTree = "<group>";
		};
		F5C92E031D818E4900689D2D /* LaunchScreen.storyboard */ = {
			isa = PBXVariantGroup;
			children = (
				F5C92E041D818E4900689D2D /* Base */,
			);
			name = LaunchScreen.storyboard;
			sourceTree = "<group>";
		};
/* End PBXVariantGroup section */

/* Begin XCBuildConfiguration section */
		F5C92E071D818E4900689D2D /* Debug */ = {
			isa = XCBuildConfiguration;
			buildSettings = {
				ALWAYS_SEARCH_USER_PATHS = NO;
				CLANG_ANALYZER_NONNULL = YES;
				CLANG_CXX_LANGUAGE_STANDARD = "gnu++0x";
				CLANG_CXX_LIBRARY = "libc++";
				CLANG_ENABLE_MODULES = YES;
				CLANG_ENABLE_OBJC_ARC = YES;
				CLANG_WARN_BOOL_CONVERSION = YES;
				CLANG_WARN_CONSTANT_CONVERSION = YES;
				CLANG_WARN_DIRECT_OBJC_ISA_USAGE = YES_ERROR;
				CLANG_WARN_EMPTY_BODY = YES;
				CLANG_WARN_ENUM_CONVERSION = YES;
				CLANG_WARN_INT_CONVERSION = YES;
				CLANG_WARN_OBJC_ROOT_CLASS = YES_ERROR;
				CLANG_WARN_UNREACHABLE_CODE = YES;
				CLANG_WARN__DUPLICATE_METHOD_MATCH = YES;
				"CODE_SIGN_IDENTITY[sdk=iphoneos*]" = "iPhone Developer";
				COPY_PHASE_STRIP = NO;
				DEBUG_INFORMATION_FORMAT = dwarf;
				ENABLE_STRICT_OBJC_MSGSEND = YES;
				ENABLE_TESTABILITY = YES;
				GCC_C_LANGUAGE_STANDARD = gnu99;
				GCC_DYNAMIC_NO_PIC = NO;
				GCC_NO_COMMON_BLOCKS = YES;
				GCC_OPTIMIZATION_LEVEL = 0;
				GCC_PREPROCESSOR_DEFINITIONS = (
					"DEBUG=1",
					"$(inherited)",
				);
				GCC_WARN_64_TO_32_BIT_CONVERSION = YES;
				GCC_WARN_ABOUT_RETURN_TYPE = YES_ERROR;
				GCC_WARN_UNDECLARED_SELECTOR = YES;
				GCC_WARN_UNINITIALIZED_AUTOS = YES_AGGRESSIVE;
				GCC_WARN_UNUSED_FUNCTION = YES;
				GCC_WARN_UNUSED_VARIABLE = YES;
				IPHONEOS_DEPLOYMENT_TARGET = 9.3;
				MTL_ENABLE_DEBUG_INFO = YES;
				ONLY_ACTIVE_ARCH = YES;
				SDKROOT = iphoneos;
				SWIFT_OPTIMIZATION_LEVEL = "-Onone";
				TARGETED_DEVICE_FAMILY = "1,2";
			};
			name = Debug;
		};
		F5C92E081D818E4900689D2D /* Release */ = {
			isa = XCBuildConfiguration;
			buildSettings = {
				ALWAYS_SEARCH_USER_PATHS = NO;
				CLANG_ANALYZER_NONNULL = YES;
				CLANG_CXX_LANGUAGE_STANDARD = "gnu++0x";
				CLANG_CXX_LIBRARY = "libc++";
				CLANG_ENABLE_MODULES = YES;
				CLANG_ENABLE_OBJC_ARC = YES;
				CLANG_WARN_BOOL_CONVERSION = YES;
				CLANG_WARN_CONSTANT_CONVERSION = YES;
				CLANG_WARN_DIRECT_OBJC_ISA_USAGE = YES_ERROR;
				CLANG_WARN_EMPTY_BODY = YES;
				CLANG_WARN_ENUM_CONVERSION = YES;
				CLANG_WARN_INT_CONVERSION = YES;
				CLANG_WARN_OBJC_ROOT_CLASS = YES_ERROR;
				CLANG_WARN_UNREACHABLE_CODE = YES;
				CLANG_WARN__DUPLICATE_METHOD_MATCH = YES;
				"CODE_SIGN_IDENTITY[sdk=iphoneos*]" = "iPhone Developer";
				COPY_PHASE_STRIP = NO;
				DEBUG_INFORMATION_FORMAT = "dwarf-with-dsym";
				ENABLE_NS_ASSERTIONS = NO;
				ENABLE_STRICT_OBJC_MSGSEND = YES;
				GCC_C_LANGUAGE_STANDARD = gnu99;
				GCC_NO_COMMON_BLOCKS = YES;
				GCC_WARN_64_TO_32_BIT_CONVERSION = YES;
				GCC_WARN_ABOUT_RETURN_TYPE = YES_ERROR;
				GCC_WARN_UNDECLARED_SELECTOR = YES;
				GCC_WARN_UNINITIALIZED_AUTOS = YES_AGGRESSIVE;
				GCC_WARN_UNUSED_FUNCTION = YES;
				GCC_WARN_UNUSED_VARIABLE = YES;
				IPHONEOS_DEPLOYMENT_TARGET = 9.3;
				MTL_ENABLE_DEBUG_INFO = NO;
				SDKROOT = iphoneos;
				TARGETED_DEVICE_FAMILY = "1,2";
				VALIDATE_PRODUCT = YES;
			};
			name = Release;
		};
		F5C92E0A1D818E4900689D2D /* Debug */ = {
			isa = XCBuildConfiguration;
			buildSettings = {
				ASSETCATALOG_COMPILER_APPICON_NAME = AppIcon;
				INFOPLIST_FILE = SwiftBestPractice/Info.plist;
				IPHONEOS_DEPLOYMENT_TARGET = 9.0;
				LD_RUNPATH_SEARCH_PATHS = "$(inherited) @executable_path/Frameworks";
				PRODUCT_BUNDLE_IDENTIFIER = com.ericyang.SwiftBestPractice;
				PRODUCT_NAME = "$(TARGET_NAME)";
			};
			name = Debug;
		};
		F5C92E0B1D818E4900689D2D /* Release */ = {
			isa = XCBuildConfiguration;
			buildSettings = {
				ASSETCATALOG_COMPILER_APPICON_NAME = AppIcon;
				INFOPLIST_FILE = SwiftBestPractice/Info.plist;
				IPHONEOS_DEPLOYMENT_TARGET = 9.0;
				LD_RUNPATH_SEARCH_PATHS = "$(inherited) @executable_path/Frameworks";
				PRODUCT_BUNDLE_IDENTIFIER = com.ericyang.SwiftBestPractice;
				PRODUCT_NAME = "$(TARGET_NAME)";
			};
			name = Release;
		};
/* End XCBuildConfiguration section */

/* Begin XCConfigurationList section */
		F5C92DF21D818E4900689D2D /* Build configuration list for PBXProject "SwiftBestPractice" */ = {
			isa = XCConfigurationList;
			buildConfigurations = (
				F5C92E071D818E4900689D2D /* Debug */,
				F5C92E081D818E4900689D2D /* Release */,
			);
			defaultConfigurationIsVisible = 0;
			defaultConfigurationName = Release;
		};
		F5C92E091D818E4900689D2D /* Build configuration list for PBXNativeTarget "SwiftBestPractice" */ = {
			isa = XCConfigurationList;
			buildConfigurations = (
				F5C92E0A1D818E4900689D2D /* Debug */,
				F5C92E0B1D818E4900689D2D /* Release */,
			);
			defaultConfigurationIsVisible = 0;
		};
/* End XCConfigurationList section */
	};
	rootObject = F5C92DEF1D818E4900689D2D /* Project object */;
}
