// !$*UTF8*$!
{
	archiveVersion = 1;
	classes = {
	};
	objectVersion = 46;
	objects = {

/* Begin PBXBuildFile section */
		3902273D070B0EB04E0A605E /* Pods_SwiftBestPracticeTests.framework in Frameworks */ = {isa = PBXBuildFile; fileRef = 4C6B3E252A33324C97F3B8CB /* Pods_SwiftBestPracticeTests.framework */; };
		A793F9A0B13871896903D2E1 /* Pods_SwiftBestPractice.framework in Frameworks */ = {isa = PBXBuildFile; fileRef = A2538D1012D9EAF47411C716 /* Pods_SwiftBestPractice.framework */; };
		F56730441D82BDA1004E8E25 /* ForecastView.xib in Resources */ = {isa = PBXBuildFile; fileRef = F56730431D82BDA1004E8E25 /* ForecastView.xib */; };
		F587AF811D82CF3E00EEFF9D /* weathericons-regular-webfont.ttf in Resources */ = {isa = PBXBuildFile; fileRef = F587AF801D82CF3E00EEFF9D /* weathericons-regular-webfont.ttf */; };
		F5C92DFB1D818E4900689D2D /* AppDelegate.swift in Sources */ = {isa = PBXBuildFile; fileRef = F5C92DFA1D818E4900689D2D /* AppDelegate.swift */; };
		F5C92DFD1D818E4900689D2D /* ViewController.swift in Sources */ = {isa = PBXBuildFile; fileRef = F5C92DFC1D818E4900689D2D /* ViewController.swift */; };
		F5C92E021D818E4900689D2D /* Assets.xcassets in Resources */ = {isa = PBXBuildFile; fileRef = F5C92E011D818E4900689D2D /* Assets.xcassets */; };
		F5C92E051D818E4900689D2D /* LaunchScreen.storyboard in Resources */ = {isa = PBXBuildFile; fileRef = F5C92E031D818E4900689D2D /* LaunchScreen.storyboard */; };
		F5C92E0E1D81955500689D2D /* AlamofireRouters.swift in Sources */ = {isa = PBXBuildFile; fileRef = F5C92E0D1D81955500689D2D /* AlamofireRouters.swift */; };
		F5C92E161D8195A600689D2D /* SwiftBestPracticeTests.swift in Sources */ = {isa = PBXBuildFile; fileRef = F5C92E151D8195A600689D2D /* SwiftBestPracticeTests.swift */; };
		F5C92E1F1D81974D00689D2D /* Router.swift in Sources */ = {isa = PBXBuildFile; fileRef = F5C92E1E1D81974D00689D2D /* Router.swift */; };
		F5C92E251D82242300689D2D /* UserRouter.swift in Sources */ = {isa = PBXBuildFile; fileRef = F5C92E241D82242300689D2D /* UserRouter.swift */; };
		F5C92E271D822BDA00689D2D /* UserViewModel.swift in Sources */ = {isa = PBXBuildFile; fileRef = F5C92E261D822BDA00689D2D /* UserViewModel.swift */; };
		F5C92E291D822BED00689D2D /* User.swift in Sources */ = {isa = PBXBuildFile; fileRef = F5C92E281D822BED00689D2D /* User.swift */; };
		F5C92E2C1D82332200689D2D /* Observable.swift in Sources */ = {isa = PBXBuildFile; fileRef = F5C92E2B1D82332200689D2D /* Observable.swift */; };
		F5C92E2E1D8233E400689D2D /* LocationService.swift in Sources */ = {isa = PBXBuildFile; fileRef = F5C92E2D1D8233E400689D2D /* LocationService.swift */; };
		F5C92E301D82341100689D2D /* ErrorManager.swift in Sources */ = {isa = PBXBuildFile; fileRef = F5C92E2F1D82341100689D2D /* ErrorManager.swift */; };
		F5C92E331D8235DC00689D2D /* NSDate+ShortTime.swift in Sources */ = {isa = PBXBuildFile; fileRef = F5C92E321D8235DC00689D2D /* NSDate+ShortTime.swift */; };
		F5C92E351D8238C100689D2D /* Weather.swift in Sources */ = {isa = PBXBuildFile; fileRef = F5C92E341D8238C100689D2D /* Weather.swift */; };
		F5C92E371D8238DE00689D2D /* Forecast.swift in Sources */ = {isa = PBXBuildFile; fileRef = F5C92E361D8238DE00689D2D /* Forecast.swift */; };
		F5C92E391D82428100689D2D /* Temperature.swift in Sources */ = {isa = PBXBuildFile; fileRef = F5C92E381D82428100689D2D /* Temperature.swift */; };
		F5C92E3C1D82485C00689D2D /* WeatherViewController.swift in Sources */ = {isa = PBXBuildFile; fileRef = F5C92E3A1D82485C00689D2D /* WeatherViewController.swift */; };
		F5C92E3D1D82485C00689D2D /* WeatherViewController.xib in Resources */ = {isa = PBXBuildFile; fileRef = F5C92E3B1D82485C00689D2D /* WeatherViewController.xib */; };
		F5C92E3F1D82488600689D2D /* WeatherViewModel.swift in Sources */ = {isa = PBXBuildFile; fileRef = F5C92E3E1D82488600689D2D /* WeatherViewModel.swift */; };
		F5C92E411D824AF900689D2D /* WeatherService.swift in Sources */ = {isa = PBXBuildFile; fileRef = F5C92E401D824AF900689D2D /* WeatherService.swift */; };
		F5C92E431D824DE400689D2D /* Error.swift in Sources */ = {isa = PBXBuildFile; fileRef = F5C92E421D824DE400689D2D /* Error.swift */; };
		F5C92E451D82553000689D2D /* ForecastRouter.swift in Sources */ = {isa = PBXBuildFile; fileRef = F5C92E441D82553000689D2D /* ForecastRouter.swift */; };
		F5C92E471D826ABE00689D2D /* WeatherIcon.swift in Sources */ = {isa = PBXBuildFile; fileRef = F5C92E461D826ABE00689D2D /* WeatherIcon.swift */; };
		F5C92E491D82784600689D2D /* ForecastViewModel.swift in Sources */ = {isa = PBXBuildFile; fileRef = F5C92E481D82784600689D2D /* ForecastViewModel.swift */; };
		F5C92E4B1D8285C300689D2D /* ForecastView.swift in Sources */ = {isa = PBXBuildFile; fileRef = F5C92E4A1D8285C300689D2D /* ForecastView.swift */; };
/* End PBXBuildFile section */

/* Begin PBXContainerItemProxy section */
		F5C92E181D8195A600689D2D /* PBXContainerItemProxy */ = {
			isa = PBXContainerItemProxy;
			containerPortal = F5C92DEF1D818E4900689D2D /* Project object */;
			proxyType = 1;
			remoteGlobalIDString = F5C92DF61D818E4900689D2D;
			remoteInfo = SwiftBestPractice;
		};
/* End PBXContainerItemProxy section */

/* Begin PBXFileReference section */
		1D64B14C2AAC829B51A61CE3 /* Pods-SwiftBestPracticeTests.debug.xcconfig */ = {isa = PBXFileReference; includeInIndex = 1; lastKnownFileType = text.xcconfig; name = "Pods-SwiftBestPracticeTests.debug.xcconfig"; path = "Pods/Target Support Files/Pods-SwiftBestPracticeTests/Pods-SwiftBestPracticeTests.debug.xcconfig"; sourceTree = "<group>"; };
		46DA8CBD80BB56268C93C97C /* Pods-SwiftBestPractice.release.xcconfig */ = {isa = PBXFileReference; includeInIndex = 1; lastKnownFileType = text.xcconfig; name = "Pods-SwiftBestPractice.release.xcconfig"; path = "Pods/Target Support Files/Pods-SwiftBestPractice/Pods-SwiftBestPractice.release.xcconfig"; sourceTree = "<group>"; };
		4C6B3E252A33324C97F3B8CB /* Pods_SwiftBestPracticeTests.framework */ = {isa = PBXFileReference; explicitFileType = wrapper.framework; includeInIndex = 0; path = Pods_SwiftBestPracticeTests.framework; sourceTree = BUILT_PRODUCTS_DIR; };
		8142AA1BCA7CDCD487885315 /* Pods-SwiftBestPractice.debug.xcconfig */ = {isa = PBXFileReference; includeInIndex = 1; lastKnownFileType = text.xcconfig; name = "Pods-SwiftBestPractice.debug.xcconfig"; path = "Pods/Target Support Files/Pods-SwiftBestPractice/Pods-SwiftBestPractice.debug.xcconfig"; sourceTree = "<group>"; };
		A2538D1012D9EAF47411C716 /* Pods_SwiftBestPractice.framework */ = {isa = PBXFileReference; explicitFileType = wrapper.framework; includeInIndex = 0; path = Pods_SwiftBestPractice.framework; sourceTree = BUILT_PRODUCTS_DIR; };
		F3242771F61D1CF908E8EDBB /* Pods-SwiftBestPracticeTests.release.xcconfig */ = {isa = PBXFileReference; includeInIndex = 1; lastKnownFileType = text.xcconfig; name = "Pods-SwiftBestPracticeTests.release.xcconfig"; path = "Pods/Target Support Files/Pods-SwiftBestPracticeTests/Pods-SwiftBestPracticeTests.release.xcconfig"; sourceTree = "<group>"; };
		F56730431D82BDA1004E8E25 /* ForecastView.xib */ = {isa = PBXFileReference; fileEncoding = 4; lastKnownFileType = file.xib; path = ForecastView.xib; sourceTree = "<group>"; };
		F587AF801D82CF3E00EEFF9D /* weathericons-regular-webfont.ttf */ = {isa = PBXFileReference; lastKnownFileType = file; name = "weathericons-regular-webfont.ttf"; path = "fonts/weathericons-regular-webfont.ttf"; sourceTree = "<group>"; };
		F5C92DF71D818E4900689D2D /* SwiftBestPractice.app */ = {isa = PBXFileReference; explicitFileType = wrapper.application; includeInIndex = 0; path = SwiftBestPractice.app; sourceTree = BUILT_PRODUCTS_DIR; };
		F5C92DFA1D818E4900689D2D /* AppDelegate.swift */ = {isa = PBXFileReference; lastKnownFileType = sourcecode.swift; path = AppDelegate.swift; sourceTree = "<group>"; };
		F5C92DFC1D818E4900689D2D /* ViewController.swift */ = {isa = PBXFileReference; lastKnownFileType = sourcecode.swift; path = ViewController.swift; sourceTree = "<group>"; };
		F5C92E011D818E4900689D2D /* Assets.xcassets */ = {isa = PBXFileReference; lastKnownFileType = folder.assetcatalog; path = Assets.xcassets; sourceTree = "<group>"; };
		F5C92E041D818E4900689D2D /* Base */ = {isa = PBXFileReference; lastKnownFileType = file.storyboard; name = Base; path = Base.lproj/LaunchScreen.storyboard; sourceTree = "<group>"; };
		F5C92E061D818E4900689D2D /* Info.plist */ = {isa = PBXFileReference; lastKnownFileType = text.plist.xml; path = Info.plist; sourceTree = "<group>"; };
		F5C92E0D1D81955500689D2D /* AlamofireRouters.swift */ = {isa = PBXFileReference; fileEncoding = 4; lastKnownFileType = sourcecode.swift; path = AlamofireRouters.swift; sourceTree = "<group>"; };
		F5C92E131D8195A600689D2D /* SwiftBestPracticeTests.xctest */ = {isa = PBXFileReference; explicitFileType = wrapper.cfbundle; includeInIndex = 0; path = SwiftBestPracticeTests.xctest; sourceTree = BUILT_PRODUCTS_DIR; };
		F5C92E151D8195A600689D2D /* SwiftBestPracticeTests.swift */ = {isa = PBXFileReference; lastKnownFileType = sourcecode.swift; path = SwiftBestPracticeTests.swift; sourceTree = "<group>"; };
		F5C92E171D8195A600689D2D /* Info.plist */ = {isa = PBXFileReference; lastKnownFileType = text.plist.xml; path = Info.plist; sourceTree = "<group>"; };
		F5C92E1E1D81974D00689D2D /* Router.swift */ = {isa = PBXFileReference; fileEncoding = 4; lastKnownFileType = sourcecode.swift; path = Router.swift; sourceTree = "<group>"; };
		F5C92E241D82242300689D2D /* UserRouter.swift */ = {isa = PBXFileReference; fileEncoding = 4; lastKnownFileType = sourcecode.swift; path = UserRouter.swift; sourceTree = "<group>"; };
		F5C92E261D822BDA00689D2D /* UserViewModel.swift */ = {isa = PBXFileReference; fileEncoding = 4; lastKnownFileType = sourcecode.swift; path = UserViewModel.swift; sourceTree = "<group>"; };
		F5C92E281D822BED00689D2D /* User.swift */ = {isa = PBXFileReference; fileEncoding = 4; lastKnownFileType = sourcecode.swift; path = User.swift; sourceTree = "<group>"; };
		F5C92E2B1D82332200689D2D /* Observable.swift */ = {isa = PBXFileReference; fileEncoding = 4; lastKnownFileType = sourcecode.swift; path = Observable.swift; sourceTree = "<group>"; };
		F5C92E2D1D8233E400689D2D /* LocationService.swift */ = {isa = PBXFileReference; fileEncoding = 4; lastKnownFileType = sourcecode.swift; path = LocationService.swift; sourceTree = "<group>"; };
		F5C92E2F1D82341100689D2D /* ErrorManager.swift */ = {isa = PBXFileReference; fileEncoding = 4; lastKnownFileType = sourcecode.swift; path = ErrorManager.swift; sourceTree = "<group>"; };
		F5C92E321D8235DC00689D2D /* NSDate+ShortTime.swift */ = {isa = PBXFileReference; fileEncoding = 4; lastKnownFileType = sourcecode.swift; path = "NSDate+ShortTime.swift"; sourceTree = "<group>"; };
		F5C92E341D8238C100689D2D /* Weather.swift */ = {isa = PBXFileReference; fileEncoding = 4; lastKnownFileType = sourcecode.swift; path = Weather.swift; sourceTree = "<group>"; };
		F5C92E361D8238DE00689D2D /* Forecast.swift */ = {isa = PBXFileReference; fileEncoding = 4; lastKnownFileType = sourcecode.swift; path = Forecast.swift; sourceTree = "<group>"; };
		F5C92E381D82428100689D2D /* Temperature.swift */ = {isa = PBXFileReference; fileEncoding = 4; lastKnownFileType = sourcecode.swift; path = Temperature.swift; sourceTree = "<group>"; };
		F5C92E3A1D82485C00689D2D /* WeatherViewController.swift */ = {isa = PBXFileReference; fileEncoding = 4; lastKnownFileType = sourcecode.swift; path = WeatherViewController.swift; sourceTree = "<group>"; };
		F5C92E3B1D82485C00689D2D /* WeatherViewController.xib */ = {isa = PBXFileReference; fileEncoding = 4; lastKnownFileType = file.xib; path = WeatherViewController.xib; sourceTree = "<group>"; };
		F5C92E3E1D82488600689D2D /* WeatherViewModel.swift */ = {isa = PBXFileReference; fileEncoding = 4; lastKnownFileType = sourcecode.swift; path = WeatherViewModel.swift; sourceTree = "<group>"; };
		F5C92E401D824AF900689D2D /* WeatherService.swift */ = {isa = PBXFileReference; fileEncoding = 4; lastKnownFileType = sourcecode.swift; path = WeatherService.swift; sourceTree = "<group>"; };
		F5C92E421D824DE400689D2D /* Error.swift */ = {isa = PBXFileReference; fileEncoding = 4; lastKnownFileType = sourcecode.swift; path = Error.swift; sourceTree = "<group>"; };
		F5C92E441D82553000689D2D /* ForecastRouter.swift */ = {isa = PBXFileReference; fileEncoding = 4; lastKnownFileType = sourcecode.swift; path = ForecastRouter.swift; sourceTree = "<group>"; };
		F5C92E461D826ABE00689D2D /* WeatherIcon.swift */ = {isa = PBXFileReference; fileEncoding = 4; lastKnownFileType = sourcecode.swift; path = WeatherIcon.swift; sourceTree = "<group>"; };
		F5C92E481D82784600689D2D /* ForecastViewModel.swift */ = {isa = PBXFileReference; fileEncoding = 4; lastKnownFileType = sourcecode.swift; path = ForecastViewModel.swift; sourceTree = "<group>"; };
		F5C92E4A1D8285C300689D2D /* ForecastView.swift */ = {isa = PBXFileReference; fileEncoding = 4; lastKnownFileType = sourcecode.swift; path = ForecastView.swift; sourceTree = "<group>"; };
/* End PBXFileReference section */

/* Begin PBXFrameworksBuildPhase section */
		F5C92DF41D818E4900689D2D /* Frameworks */ = {
			isa = PBXFrameworksBuildPhase;
			buildActionMask = 2147483647;
			files = (
				A793F9A0B13871896903D2E1 /* Pods_SwiftBestPractice.framework in Frameworks */,
			);
			runOnlyForDeploymentPostprocessing = 0;
		};
		F5C92E101D8195A600689D2D /* Frameworks */ = {
			isa = PBXFrameworksBuildPhase;
			buildActionMask = 2147483647;
			files = (
				3902273D070B0EB04E0A605E /* Pods_SwiftBestPracticeTests.framework in Frameworks */,
			);
			runOnlyForDeploymentPostprocessing = 0;
		};
/* End PBXFrameworksBuildPhase section */

/* Begin PBXGroup section */
		3EF36A87BEE3E6F37A2948E7 /* Frameworks */ = {
			isa = PBXGroup;
			children = (
				A2538D1012D9EAF47411C716 /* Pods_SwiftBestPractice.framework */,
				4C6B3E252A33324C97F3B8CB /* Pods_SwiftBestPracticeTests.framework */,
			);
			name = Frameworks;
			sourceTree = "<group>";
		};
		F5C92DEE1D818E4900689D2D = {
			isa = PBXGroup;
			children = (
				F5C92DF91D818E4900689D2D /* SwiftBestPractice */,
				F5C92E141D8195A600689D2D /* SwiftBestPracticeTests */,
				F5C92DF81D818E4900689D2D /* Products */,
				F8A769AB8F2CF2F170B07D91 /* Pods */,
				3EF36A87BEE3E6F37A2948E7 /* Frameworks */,
			);
			sourceTree = "<group>";
		};
		F5C92DF81D818E4900689D2D /* Products */ = {
			isa = PBXGroup;
			children = (
				F5C92DF71D818E4900689D2D /* SwiftBestPractice.app */,
				F5C92E131D8195A600689D2D /* SwiftBestPracticeTests.xctest */,
			);
			name = Products;
			sourceTree = "<group>";
		};
		F5C92DF91D818E4900689D2D /* SwiftBestPractice */ = {
			isa = PBXGroup;
			children = (
				F5C92E4E1D82886F00689D2D /* Font */,
				F5C92E311D8235BA00689D2D /* Extensions */,
				F5C92E221D81979900689D2D /* Models */,
				F5C92E211D81979100689D2D /* ViewModels */,
				F5C92E201D81978800689D2D /* Views */,
				F5C92E1D1D81971F00689D2D /* ViewControllers */,
				F5C92E2A1D82310B00689D2D /* Services */,
				F5C92E0C1D8194B100689D2D /* Routers */,
				F5C92DFA1D818E4900689D2D /* AppDelegate.swift */,
				F5C92DFC1D818E4900689D2D /* ViewController.swift */,
				F5C92E011D818E4900689D2D /* Assets.xcassets */,
				F5C92E031D818E4900689D2D /* LaunchScreen.storyboard */,
				F5C92E061D818E4900689D2D /* Info.plist */,
			);
			path = SwiftBestPractice;
			sourceTree = "<group>";
		};
		F5C92E0C1D8194B100689D2D /* Routers */ = {
			isa = PBXGroup;
			children = (
				F5C92E231D82240D00689D2D /* RouterObjects */,
				F5C92E0D1D81955500689D2D /* AlamofireRouters.swift */,
				F5C92E1E1D81974D00689D2D /* Router.swift */,
			);
			name = Routers;
			sourceTree = "<group>";
		};
		F5C92E141D8195A600689D2D /* SwiftBestPracticeTests */ = {
			isa = PBXGroup;
			children = (
				F5C92E151D8195A600689D2D /* SwiftBestPracticeTests.swift */,
				F5C92E171D8195A600689D2D /* Info.plist */,
			);
			path = SwiftBestPracticeTests;
			sourceTree = "<group>";
		};
		F5C92E1D1D81971F00689D2D /* ViewControllers */ = {
			isa = PBXGroup;
			children = (
				F5C92E3A1D82485C00689D2D /* WeatherViewController.swift */,
				F5C92E3B1D82485C00689D2D /* WeatherViewController.xib */,
			);
			name = ViewControllers;
			sourceTree = "<group>";
		};
		F5C92E201D81978800689D2D /* Views */ = {
			isa = PBXGroup;
			children = (
				F5C92E4A1D8285C300689D2D /* ForecastView.swift */,
				F56730431D82BDA1004E8E25 /* ForecastView.xib */,
			);
			name = Views;
			sourceTree = "<group>";
		};
		F5C92E211D81979100689D2D /* ViewModels */ = {
			isa = PBXGroup;
			children = (
				F5C92E261D822BDA00689D2D /* UserViewModel.swift */,
				F5C92E2B1D82332200689D2D /* Observable.swift */,
				F5C92E3E1D82488600689D2D /* WeatherViewModel.swift */,
				F5C92E481D82784600689D2D /* ForecastViewModel.swift */,
			);
			name = ViewModels;
			sourceTree = "<group>";
		};
		F5C92E221D81979900689D2D /* Models */ = {
			isa = PBXGroup;
			children = (
				F5C92E281D822BED00689D2D /* User.swift */,
				F5C92E341D8238C100689D2D /* Weather.swift */,
				F5C92E361D8238DE00689D2D /* Forecast.swift */,
				F5C92E381D82428100689D2D /* Temperature.swift */,
				F5C92E461D826ABE00689D2D /* WeatherIcon.swift */,
			);
			name = Models;
			sourceTree = "<group>";
		};
		F5C92E231D82240D00689D2D /* RouterObjects */ = {
			isa = PBXGroup;
			children = (
				F5C92E241D82242300689D2D /* UserRouter.swift */,
				F5C92E441D82553000689D2D /* ForecastRouter.swift */,
			);
			name = RouterObjects;
			sourceTree = "<group>";
		};
		F5C92E2A1D82310B00689D2D /* Services */ = {
			isa = PBXGroup;
			children = (
				F5C92E2D1D8233E400689D2D /* LocationService.swift */,
				F5C92E2F1D82341100689D2D /* ErrorManager.swift */,
				F5C92E401D824AF900689D2D /* WeatherService.swift */,
				F5C92E421D824DE400689D2D /* Error.swift */,
			);
			name = Services;
			sourceTree = "<group>";
		};
		F5C92E311D8235BA00689D2D /* Extensions */ = {
			isa = PBXGroup;
			children = (
				F5C92E321D8235DC00689D2D /* NSDate+ShortTime.swift */,
			);
			name = Extensions;
			sourceTree = "<group>";
		};
		F5C92E4E1D82886F00689D2D /* Font */ = {
			isa = PBXGroup;
			children = (
				F587AF801D82CF3E00EEFF9D /* weathericons-regular-webfont.ttf */,
			);
			name = Font;
			sourceTree = "<group>";
		};
		F8A769AB8F2CF2F170B07D91 /* Pods */ = {
			isa = PBXGroup;
			children = (
				8142AA1BCA7CDCD487885315 /* Pods-SwiftBestPractice.debug.xcconfig */,
				46DA8CBD80BB56268C93C97C /* Pods-SwiftBestPractice.release.xcconfig */,
				1D64B14C2AAC829B51A61CE3 /* Pods-SwiftBestPracticeTests.debug.xcconfig */,
				F3242771F61D1CF908E8EDBB /* Pods-SwiftBestPracticeTests.release.xcconfig */,
			);
			name = Pods;
			sourceTree = "<group>";
		};
/* End PBXGroup section */

/* Begin PBXNativeTarget section */
		F5C92DF61D818E4900689D2D /* SwiftBestPractice */ = {
			isa = PBXNativeTarget;
			buildConfigurationList = F5C92E091D818E4900689D2D /* Build configuration list for PBXNativeTarget "SwiftBestPractice" */;
			buildPhases = (
				5F41A99BF6F3FF19351BD268 /* Check Pods Manifest.lock */,
				F5C92DF31D818E4900689D2D /* Sources */,
				F5C92DF41D818E4900689D2D /* Frameworks */,
				F5C92DF51D818E4900689D2D /* Resources */,
				A3927603B5AF1EC808A94B1C /* Embed Pods Frameworks */,
				8A8DA4AF774026B45539D21C /* Copy Pods Resources */,
			);
			buildRules = (
			);
			dependencies = (
			);
			name = SwiftBestPractice;
			productName = SwiftBestPractice;
			productReference = F5C92DF71D818E4900689D2D /* SwiftBestPractice.app */;
			productType = "com.apple.product-type.application";
		};
		F5C92E121D8195A600689D2D /* SwiftBestPracticeTests */ = {
			isa = PBXNativeTarget;
			buildConfigurationList = F5C92E1C1D8195A600689D2D /* Build configuration list for PBXNativeTarget "SwiftBestPracticeTests" */;
			buildPhases = (
				805AF9F4460654052FEB6554 /* Check Pods Manifest.lock */,
				F5C92E0F1D8195A600689D2D /* Sources */,
				F5C92E101D8195A600689D2D /* Frameworks */,
				F5C92E111D8195A600689D2D /* Resources */,
				99EB8E22A803A720F665D11C /* Embed Pods Frameworks */,
				DA0D7ACE4C15D77FFC53DED0 /* Copy Pods Resources */,
			);
			buildRules = (
			);
			dependencies = (
				F5C92E191D8195A600689D2D /* PBXTargetDependency */,
			);
			name = SwiftBestPracticeTests;
			productName = SwiftBestPracticeTests;
			productReference = F5C92E131D8195A600689D2D /* SwiftBestPracticeTests.xctest */;
			productType = "com.apple.product-type.bundle.unit-test";
		};
/* End PBXNativeTarget section */

/* Begin PBXProject section */
		F5C92DEF1D818E4900689D2D /* Project object */ = {
			isa = PBXProject;
			attributes = {
				LastSwiftUpdateCheck = 0730;
				LastUpgradeCheck = 0730;
				ORGANIZATIONNAME = EricYang;
				TargetAttributes = {
					F5C92DF61D818E4900689D2D = {
						CreatedOnToolsVersion = 7.3;
					};
					F5C92E121D8195A600689D2D = {
						CreatedOnToolsVersion = 7.3;
						TestTargetID = F5C92DF61D818E4900689D2D;
					};
				};
			};
			buildConfigurationList = F5C92DF21D818E4900689D2D /* Build configuration list for PBXProject "SwiftBestPractice" */;
			compatibilityVersion = "Xcode 3.2";
			developmentRegion = English;
			hasScannedForEncodings = 0;
			knownRegions = (
				en,
				Base,
			);
			mainGroup = F5C92DEE1D818E4900689D2D;
			productRefGroup = F5C92DF81D818E4900689D2D /* Products */;
			projectDirPath = "";
			projectRoot = "";
			targets = (
				F5C92DF61D818E4900689D2D /* SwiftBestPractice */,
				F5C92E121D8195A600689D2D /* SwiftBestPracticeTests */,
			);
		};
/* End PBXProject section */

/* Begin PBXResourcesBuildPhase section */
		F5C92DF51D818E4900689D2D /* Resources */ = {
			isa = PBXResourcesBuildPhase;
			buildActionMask = 2147483647;
			files = (
				F5C92E051D818E4900689D2D /* LaunchScreen.storyboard in Resources */,
				F5C92E3D1D82485C00689D2D /* WeatherViewController.xib in Resources */,
				F5C92E021D818E4900689D2D /* Assets.xcassets in Resources */,
				F587AF811D82CF3E00EEFF9D /* weathericons-regular-webfont.ttf in Resources */,
				F56730441D82BDA1004E8E25 /* ForecastView.xib in Resources */,
			);
			runOnlyForDeploymentPostprocessing = 0;
		};
		F5C92E111D8195A600689D2D /* Resources */ = {
			isa = PBXResourcesBuildPhase;
			buildActionMask = 2147483647;
			files = (
			);
			runOnlyForDeploymentPostprocessing = 0;
		};
/* End PBXResourcesBuildPhase section */

/* Begin PBXShellScriptBuildPhase section */
		5F41A99BF6F3FF19351BD268 /* Check Pods Manifest.lock */ = {
			isa = PBXShellScriptBuildPhase;
			buildActionMask = 2147483647;
			files = (
			);
			inputPaths = (
			);
			name = "Check Pods Manifest.lock";
			outputPaths = (
			);
			runOnlyForDeploymentPostprocessing = 0;
			shellPath = /bin/sh;
			shellScript = "diff \"${PODS_ROOT}/../Podfile.lock\" \"${PODS_ROOT}/Manifest.lock\" > /dev/null\nif [[ $? != 0 ]] ; then\n    cat << EOM\nerror: The sandbox is not in sync with the Podfile.lock. Run 'pod install' or update your CocoaPods installation.\nEOM\n    exit 1\nfi\n";
			showEnvVarsInLog = 0;
		};
		805AF9F4460654052FEB6554 /* Check Pods Manifest.lock */ = {
			isa = PBXShellScriptBuildPhase;
			buildActionMask = 2147483647;
			files = (
			);
			inputPaths = (
			);
			name = "Check Pods Manifest.lock";
			outputPaths = (
			);
			runOnlyForDeploymentPostprocessing = 0;
			shellPath = /bin/sh;
			shellScript = "diff \"${PODS_ROOT}/../Podfile.lock\" \"${PODS_ROOT}/Manifest.lock\" > /dev/null\nif [[ $? != 0 ]] ; then\n    cat << EOM\nerror: The sandbox is not in sync with the Podfile.lock. Run 'pod install' or update your CocoaPods installation.\nEOM\n    exit 1\nfi\n";
			showEnvVarsInLog = 0;
		};
		8A8DA4AF774026B45539D21C /* Copy Pods Resources */ = {
			isa = PBXShellScriptBuildPhase;
			buildActionMask = 2147483647;
			files = (
			);
			inputPaths = (
			);
			name = "Copy Pods Resources";
			outputPaths = (
			);
			runOnlyForDeploymentPostprocessing = 0;
			shellPath = /bin/sh;
			shellScript = "\"${SRCROOT}/Pods/Target Support Files/Pods-SwiftBestPractice/Pods-SwiftBestPractice-resources.sh\"\n";
			showEnvVarsInLog = 0;
		};
		99EB8E22A803A720F665D11C /* Embed Pods Frameworks */ = {
			isa = PBXShellScriptBuildPhase;
			buildActionMask = 2147483647;
			files = (
			);
			inputPaths = (
			);
			name = "Embed Pods Frameworks";
			outputPaths = (
			);
			runOnlyForDeploymentPostprocessing = 0;
			shellPath = /bin/sh;
			shellScript = "\"${SRCROOT}/Pods/Target Support Files/Pods-SwiftBestPracticeTests/Pods-SwiftBestPracticeTests-frameworks.sh\"\n";
			showEnvVarsInLog = 0;
		};
		A3927603B5AF1EC808A94B1C /* Embed Pods Frameworks */ = {
			isa = PBXShellScriptBuildPhase;
			buildActionMask = 2147483647;
			files = (
			);
			inputPaths = (
			);
			name = "Embed Pods Frameworks";
			outputPaths = (
			);
			runOnlyForDeploymentPostprocessing = 0;
			shellPath = /bin/sh;
			shellScript = "\"${SRCROOT}/Pods/Target Support Files/Pods-SwiftBestPractice/Pods-SwiftBestPractice-frameworks.sh\"\n";
			showEnvVarsInLog = 0;
		};
		DA0D7ACE4C15D77FFC53DED0 /* Copy Pods Resources */ = {
			isa = PBXShellScriptBuildPhase;
			buildActionMask = 2147483647;
			files = (
			);
			inputPaths = (
			);
			name = "Copy Pods Resources";
			outputPaths = (
			);
			runOnlyForDeploymentPostprocessing = 0;
			shellPath = /bin/sh;
			shellScript = "\"${SRCROOT}/Pods/Target Support Files/Pods-SwiftBestPracticeTests/Pods-SwiftBestPracticeTests-resources.sh\"\n";
			showEnvVarsInLog = 0;
		};
/* End PBXShellScriptBuildPhase section */

/* Begin PBXSourcesBuildPhase section */
		F5C92DF31D818E4900689D2D /* Sources */ = {
			isa = PBXSourcesBuildPhase;
			buildActionMask = 2147483647;
			files = (
				F5C92E451D82553000689D2D /* ForecastRouter.swift in Sources */,
				F5C92E471D826ABE00689D2D /* WeatherIcon.swift in Sources */,
				F5C92E2C1D82332200689D2D /* Observable.swift in Sources */,
				F5C92E491D82784600689D2D /* ForecastViewModel.swift in Sources */,
				F5C92E3C1D82485C00689D2D /* WeatherViewController.swift in Sources */,
				F5C92E0E1D81955500689D2D /* AlamofireRouters.swift in Sources */,
				F5C92E271D822BDA00689D2D /* UserViewModel.swift in Sources */,
				F5C92E1F1D81974D00689D2D /* Router.swift in Sources */,
				F5C92E351D8238C100689D2D /* Weather.swift in Sources */,
				F5C92E331D8235DC00689D2D /* NSDate+ShortTime.swift in Sources */,
				F5C92E301D82341100689D2D /* ErrorManager.swift in Sources */,
				F5C92E371D8238DE00689D2D /* Forecast.swift in Sources */,
				F5C92E251D82242300689D2D /* UserRouter.swift in Sources */,
				F5C92E4B1D8285C300689D2D /* ForecastView.swift in Sources */,
				F5C92DFD1D818E4900689D2D /* ViewController.swift in Sources */,
				F5C92DFB1D818E4900689D2D /* AppDelegate.swift in Sources */,
				F5C92E2E1D8233E400689D2D /* LocationService.swift in Sources */,
				F5C92E3F1D82488600689D2D /* WeatherViewModel.swift in Sources */,
				F5C92E411D824AF900689D2D /* WeatherService.swift in Sources */,
				F5C92E391D82428100689D2D /* Temperature.swift in Sources */,
				F5C92E431D824DE400689D2D /* Error.swift in Sources */,
				F5C92E291D822BED00689D2D /* User.swift in Sources */,
			);
			runOnlyForDeploymentPostprocessing = 0;
		};
		F5C92E0F1D8195A600689D2D /* Sources */ = {
			isa = PBXSourcesBuildPhase;
			buildActionMask = 2147483647;
			files = (
				F5C92E161D8195A600689D2D /* SwiftBestPracticeTests.swift in Sources */,
			);
			runOnlyForDeploymentPostprocessing = 0;
		};
/* End PBXSourcesBuildPhase section */

/* Begin PBXTargetDependency section */
		F5C92E191D8195A600689D2D /* PBXTargetDependency */ = {
			isa = PBXTargetDependency;
			target = F5C92DF61D818E4900689D2D /* SwiftBestPractice */;
			targetProxy = F5C92E181D8195A600689D2D /* PBXContainerItemProxy */;
		};
/* End PBXTargetDependency section */

/* Begin PBXVariantGroup section */
		F5C92E031D818E4900689D2D /* LaunchScreen.storyboard */ = {
			isa = PBXVariantGroup;
			children = (
				F5C92E041D818E4900689D2D /* Base */,
			);
			name = LaunchScreen.storyboard;
			sourceTree = "<group>";
		};
/* End PBXVariantGroup section */

/* Begin XCBuildConfiguration section */
		F5C92E071D818E4900689D2D /* Debug */ = {
			isa = XCBuildConfiguration;
			buildSettings = {
				ALWAYS_SEARCH_USER_PATHS = NO;
				CLANG_ANALYZER_NONNULL = YES;
				CLANG_CXX_LANGUAGE_STANDARD = "gnu++0x";
				CLANG_CXX_LIBRARY = "libc++";
				CLANG_ENABLE_MODULES = YES;
				CLANG_ENABLE_OBJC_ARC = YES;
				CLANG_WARN_BOOL_CONVERSION = YES;
				CLANG_WARN_CONSTANT_CONVERSION = YES;
				CLANG_WARN_DIRECT_OBJC_ISA_USAGE = YES_ERROR;
				CLANG_WARN_EMPTY_BODY = YES;
				CLANG_WARN_ENUM_CONVERSION = YES;
				CLANG_WARN_INT_CONVERSION = YES;
				CLANG_WARN_OBJC_ROOT_CLASS = YES_ERROR;
				CLANG_WARN_UNREACHABLE_CODE = YES;
				CLANG_WARN__DUPLICATE_METHOD_MATCH = YES;
				"CODE_SIGN_IDENTITY[sdk=iphoneos*]" = "iPhone Developer";
				COPY_PHASE_STRIP = NO;
				DEBUG_INFORMATION_FORMAT = dwarf;
				ENABLE_STRICT_OBJC_MSGSEND = YES;
				ENABLE_TESTABILITY = YES;
				GCC_C_LANGUAGE_STANDARD = gnu99;
				GCC_DYNAMIC_NO_PIC = NO;
				GCC_NO_COMMON_BLOCKS = YES;
				GCC_OPTIMIZATION_LEVEL = 0;
				GCC_PREPROCESSOR_DEFINITIONS = (
					"DEBUG=1",
					"$(inherited)",
				);
				GCC_WARN_64_TO_32_BIT_CONVERSION = YES;
				GCC_WARN_ABOUT_RETURN_TYPE = YES_ERROR;
				GCC_WARN_UNDECLARED_SELECTOR = YES;
				GCC_WARN_UNINITIALIZED_AUTOS = YES_AGGRESSIVE;
				GCC_WARN_UNUSED_FUNCTION = YES;
				GCC_WARN_UNUSED_VARIABLE = YES;
				IPHONEOS_DEPLOYMENT_TARGET = 9.3;
				MTL_ENABLE_DEBUG_INFO = YES;
				ONLY_ACTIVE_ARCH = YES;
				SDKROOT = iphoneos;
				SWIFT_OPTIMIZATION_LEVEL = "-Onone";
				TARGETED_DEVICE_FAMILY = "1,2";
			};
			name = Debug;
		};
		F5C92E081D818E4900689D2D /* Release */ = {
			isa = XCBuildConfiguration;
			buildSettings = {
				ALWAYS_SEARCH_USER_PATHS = NO;
				CLANG_ANALYZER_NONNULL = YES;
				CLANG_CXX_LANGUAGE_STANDARD = "gnu++0x";
				CLANG_CXX_LIBRARY = "libc++";
				CLANG_ENABLE_MODULES = YES;
				CLANG_ENABLE_OBJC_ARC = YES;
				CLANG_WARN_BOOL_CONVERSION = YES;
				CLANG_WARN_CONSTANT_CONVERSION = YES;
				CLANG_WARN_DIRECT_OBJC_ISA_USAGE = YES_ERROR;
				CLANG_WARN_EMPTY_BODY = YES;
				CLANG_WARN_ENUM_CONVERSION = YES;
				CLANG_WARN_INT_CONVERSION = YES;
				CLANG_WARN_OBJC_ROOT_CLASS = YES_ERROR;
				CLANG_WARN_UNREACHABLE_CODE = YES;
				CLANG_WARN__DUPLICATE_METHOD_MATCH = YES;
				"CODE_SIGN_IDENTITY[sdk=iphoneos*]" = "iPhone Developer";
				COPY_PHASE_STRIP = NO;
				DEBUG_INFORMATION_FORMAT = "dwarf-with-dsym";
				ENABLE_NS_ASSERTIONS = NO;
				ENABLE_STRICT_OBJC_MSGSEND = YES;
				GCC_C_LANGUAGE_STANDARD = gnu99;
				GCC_NO_COMMON_BLOCKS = YES;
				GCC_WARN_64_TO_32_BIT_CONVERSION = YES;
				GCC_WARN_ABOUT_RETURN_TYPE = YES_ERROR;
				GCC_WARN_UNDECLARED_SELECTOR = YES;
				GCC_WARN_UNINITIALIZED_AUTOS = YES_AGGRESSIVE;
				GCC_WARN_UNUSED_FUNCTION = YES;
				GCC_WARN_UNUSED_VARIABLE = YES;
				IPHONEOS_DEPLOYMENT_TARGET = 9.3;
				MTL_ENABLE_DEBUG_INFO = NO;
				SDKROOT = iphoneos;
				TARGETED_DEVICE_FAMILY = "1,2";
				VALIDATE_PRODUCT = YES;
			};
			name = Release;
		};
		F5C92E0A1D818E4900689D2D /* Debug */ = {
			isa = XCBuildConfiguration;
			baseConfigurationReference = 8142AA1BCA7CDCD487885315 /* Pods-SwiftBestPractice.debug.xcconfig */;
			buildSettings = {
				ASSETCATALOG_COMPILER_APPICON_NAME = AppIcon;
				INFOPLIST_FILE = SwiftBestPractice/Info.plist;
				IPHONEOS_DEPLOYMENT_TARGET = 9.0;
				LD_RUNPATH_SEARCH_PATHS = "$(inherited) @executable_path/Frameworks";
				PRODUCT_BUNDLE_IDENTIFIER = com.ericyang.SwiftBestPractice;
				PRODUCT_NAME = "$(TARGET_NAME)";
			};
			name = Debug;
		};
		F5C92E0B1D818E4900689D2D /* Release */ = {
			isa = XCBuildConfiguration;
			baseConfigurationReference = 46DA8CBD80BB56268C93C97C /* Pods-SwiftBestPractice.release.xcconfig */;
			buildSettings = {
				ASSETCATALOG_COMPILER_APPICON_NAME = AppIcon;
				INFOPLIST_FILE = SwiftBestPractice/Info.plist;
				IPHONEOS_DEPLOYMENT_TARGET = 9.0;
				LD_RUNPATH_SEARCH_PATHS = "$(inherited) @executable_path/Frameworks";
				PRODUCT_BUNDLE_IDENTIFIER = com.ericyang.SwiftBestPractice;
				PRODUCT_NAME = "$(TARGET_NAME)";
			};
			name = Release;
		};
		F5C92E1A1D8195A600689D2D /* Debug */ = {
			isa = XCBuildConfiguration;
			baseConfigurationReference = 1D64B14C2AAC829B51A61CE3 /* Pods-SwiftBestPracticeTests.debug.xcconfig */;
			buildSettings = {
				BUNDLE_LOADER = "$(TEST_HOST)";
				INFOPLIST_FILE = SwiftBestPracticeTests/Info.plist;
				LD_RUNPATH_SEARCH_PATHS = "$(inherited) @executable_path/Frameworks @loader_path/Frameworks";
				PRODUCT_BUNDLE_IDENTIFIER = com.ericyanh.SwiftBestPracticeTests;
				PRODUCT_NAME = "$(TARGET_NAME)";
				TEST_HOST = "$(BUILT_PRODUCTS_DIR)/SwiftBestPractice.app/SwiftBestPractice";
			};
			name = Debug;
		};
		F5C92E1B1D8195A600689D2D /* Release */ = {
			isa = XCBuildConfiguration;
			baseConfigurationReference = F3242771F61D1CF908E8EDBB /* Pods-SwiftBestPracticeTests.release.xcconfig */;
			buildSettings = {
				BUNDLE_LOADER = "$(TEST_HOST)";
				INFOPLIST_FILE = SwiftBestPracticeTests/Info.plist;
				LD_RUNPATH_SEARCH_PATHS = "$(inherited) @executable_path/Frameworks @loader_path/Frameworks";
				PRODUCT_BUNDLE_IDENTIFIER = com.ericyanh.SwiftBestPracticeTests;
				PRODUCT_NAME = "$(TARGET_NAME)";
				TEST_HOST = "$(BUILT_PRODUCTS_DIR)/SwiftBestPractice.app/SwiftBestPractice";
			};
			name = Release;
		};
/* End XCBuildConfiguration section */

/* Begin XCConfigurationList section */
		F5C92DF21D818E4900689D2D /* Build configuration list for PBXProject "SwiftBestPractice" */ = {
			isa = XCConfigurationList;
			buildConfigurations = (
				F5C92E071D818E4900689D2D /* Debug */,
				F5C92E081D818E4900689D2D /* Release */,
			);
			defaultConfigurationIsVisible = 0;
			defaultConfigurationName = Release;
		};
		F5C92E091D818E4900689D2D /* Build configuration list for PBXNativeTarget "SwiftBestPractice" */ = {
			isa = XCConfigurationList;
			buildConfigurations = (
				F5C92E0A1D818E4900689D2D /* Debug */,
				F5C92E0B1D818E4900689D2D /* Release */,
			);
			defaultConfigurationIsVisible = 0;
			defaultConfigurationName = Release;
		};
		F5C92E1C1D8195A600689D2D /* Build configuration list for PBXNativeTarget "SwiftBestPracticeTests" */ = {
			isa = XCConfigurationList;
			buildConfigurations = (
				F5C92E1A1D8195A600689D2D /* Debug */,
				F5C92E1B1D8195A600689D2D /* Release */,
			);
			defaultConfigurationIsVisible = 0;
			defaultConfigurationName = Release;
		};
/* End XCConfigurationList section */
	};
	rootObject = F5C92DEF1D818E4900689D2D /* Project object */;
}
